
Microsoft Visual Studio Solution File, Format Version 11.00
# Visual Studio 2010
Project("{FAE04EC0-301F-11D3-BF4B-00C04F79EFBC}") = "UnitTests", "UnitTests\UnitTests.csproj", "{56068295-5733-4024-A2DA-B594D8473CD4}"
EndProject
Project("{FAE04EC0-301F-11D3-BF4B-00C04F79EFBC}") = "UI", "UI\UI.csproj", "{B6AD1010-BA4A-4844-A363-CE92D9A676F4}"
EndProject
Project("{FAE04EC0-301F-11D3-BF4B-00C04F79EFBC}") = "Core", "Core\Core.csproj", "{C4745F94-B456-46AB-B3BA-B0A7760909FE}"
EndProject
Project("{FAE04EC0-301F-11D3-BF4B-00C04F79EFBC}") = "DataAccess", "DataAccess\DataAccess.csproj", "{CEA410AC-FFD6-4EE8-8949-567E960D566A}"
EndProject
Project("{FAE04EC0-301F-11D3-BF4B-00C04F79EFBC}") = "IntegrationTests", "IntegrationTests\IntegrationTests.csproj", "{77477CAA-29BC-4EE7-A3A9-B6ABD22BCA44}"
EndProject
Global
	GlobalSection(SolutionConfigurationPlatforms) = preSolution
		Debug|Any CPU = Debug|Any CPU
		Release|Any CPU = Release|Any CPU
	EndGlobalSection
	GlobalSection(ProjectConfigurationPlatforms) = postSolution
		{56068295-5733-4024-A2DA-B594D8473CD4}.Debug|Any CPU.ActiveCfg = Debug|Any CPU
		{56068295-5733-4024-A2DA-B594D8473CD4}.Debug|Any CPU.Build.0 = Debug|Any CPU
		{56068295-5733-4024-A2DA-B594D8473CD4}.Release|Any CPU.ActiveCfg = Release|Any CPU
		{56068295-5733-4024-A2DA-B594D8473CD4}.Release|Any CPU.Build.0 = Release|Any CPU
		{B6AD1010-BA4A-4844-A363-CE92D9A676F4}.Debug|Any CPU.ActiveCfg = Debug|Any CPU
		{B6AD1010-BA4A-4844-A363-CE92D9A676F4}.Debug|Any CPU.Build.0 = Debug|Any CPU
		{B6AD1010-BA4A-4844-A363-CE92D9A676F4}.Release|Any CPU.ActiveCfg = Release|Any CPU
		{B6AD1010-BA4A-4844-A363-CE92D9A676F4}.Release|Any CPU.Build.0 = Release|Any CPU
		{C4745F94-B456-46AB-B3BA-B0A7760909FE}.Debug|Any CPU.ActiveCfg = Debug|Any CPU
		{C4745F94-B456-46AB-B3BA-B0A7760909FE}.Debug|Any CPU.Build.0 = Debug|Any CPU
		{C4745F94-B456-46AB-B3BA-B0A7760909FE}.Release|Any CPU.ActiveCfg = Release|Any CPU
		{C4745F94-B456-46AB-B3BA-B0A7760909FE}.Release|Any CPU.Build.0 = Release|Any CPU
		{CEA410AC-FFD6-4EE8-8949-567E960D566A}.Debug|Any CPU.ActiveCfg = Debug|Any CPU
		{CEA410AC-FFD6-4EE8-8949-567E960D566A}.Debug|Any CPU.Build.0 = Debug|Any CPU
		{CEA410AC-FFD6-4EE8-8949-567E960D566A}.Release|Any CPU.ActiveCfg = Release|Any CPU
		{CEA410AC-FFD6-4EE8-8949-567E960D566A}.Release|Any CPU.Build.0 = Release|Any CPU
		{77477CAA-29BC-4EE7-A3A9-B6ABD22BCA44}.Debug|Any CPU.ActiveCfg = Debug|Any CPU
		{77477CAA-29BC-4EE7-A3A9-B6ABD22BCA44}.Debug|Any CPU.Build.0 = Debug|Any CPU
		{77477CAA-29BC-4EE7-A3A9-B6ABD22BCA44}.Release|Any CPU.ActiveCfg = Release|Any CPU
		{77477CAA-29BC-4EE7-A3A9-B6ABD22BCA44}.Release|Any CPU.Build.0 = Release|Any CPU
	EndGlobalSection
	GlobalSection(SolutionProperties) = preSolution
		HideSolutionNode = FALSE
	EndGlobalSection
EndGlobal
